
Microsoft Visual Studio Solution File, Format Version 12.00
# Visual Studio 15
Project("{FAE04EC0-301F-11D3-BF4B-00C04F79EFBC}") = "UnityEngine.TestRunner", "UnityEngine.TestRunner.csproj", "{B9BF899F-0176-7E01-D2A5-F83F965B4E2A}"
EndProject
Project("{FAE04EC0-301F-11D3-BF4B-00C04F79EFBC}") = "Unity.Mathematics", "Unity.Mathematics.csproj", "{07140DC8-B6CC-5847-5BA7-35CAA7C70AE9}"
EndProject
Project("{FAE04EC0-301F-11D3-BF4B-00C04F79EFBC}") = "Unity.2D.Animation.Triangle.Runtime", "Unity.2D.Animation.Triangle.Runtime.csproj", "{D4D22F0F-2418-C86B-9A91-968722256F81}"
EndProject
Project("{FAE04EC0-301F-11D3-BF4B-00C04F79EFBC}") = "Unity.Timeline", "Unity.Timeline.csproj", "{D43DFBCB-BC72-E5F5-2BAE-84D62207CCF7}"
EndProject
Project("{FAE04EC0-301F-11D3-BF4B-00C04F79EFBC}") = "UnityEngine.UI", "UnityEngine.UI.csproj", "{5D9BEEB1-EFDF-21F6-A0BC-86A70FFCA4F5}"
EndProject
Project("{FAE04EC0-301F-11D3-BF4B-00C04F79EFBC}") = "Unity.TextMeshPro", "Unity.TextMeshPro.csproj", "{C446800D-F927-F8D1-6DF6-7AB4E8905EE7}"
EndProject
Project("{FAE04EC0-301F-11D3-BF4B-00C04F79EFBC}") = "Unity.2D.Animation.Runtime", "Unity.2D.Animation.Runtime.csproj", "{23763DC3-9947-0AD8-1EC2-4F9268AE6FFB}"
EndProject
Project("{FAE04EC0-301F-11D3-BF4B-00C04F79EFBC}") = "Unity.2D.IK.Runtime", "Unity.2D.IK.Runtime.csproj", "{2E66B170-5EA4-8808-26C1-1913AD114C83}"
EndProject
Project("{FAE04EC0-301F-11D3-BF4B-00C04F79EFBC}") = "Unity.2D.SpriteShape.Runtime", "Unity.2D.SpriteShape.Runtime.csproj", "{3140465A-D858-2403-0F9D-D92909BAA242}"
EndProject
Project("{FAE04EC0-301F-11D3-BF4B-00C04F79EFBC}") = "Unity.2D.PixelPerfect", "Unity.2D.PixelPerfect.csproj", "{F8C03EA8-ECB3-DD41-298F-428427082299}"
EndProject
Project("{FAE04EC0-301F-11D3-BF4B-00C04F79EFBC}") = "Assembly-CSharp", "Assembly-CSharp.csproj", "{A299380B-DFF4-C3E1-E4F7-BF6CD9A8C1DD}"
EndProject
Project("{FAE04EC0-301F-11D3-BF4B-00C04F79EFBC}") = "Unity.2D.Common.Runtime", "Unity.2D.Common.Runtime.csproj", "{3EBD1899-3E0D-D17A-A937-618188286BF6}"
EndProject
Project("{FAE04EC0-301F-11D3-BF4B-00C04F79EFBC}") = "Unity.InternalAPIEngineBridge.001", "Unity.InternalAPIEngineBridge.001.csproj", "{F5FC50A9-B10B-8B40-A157-3030CA10AA60}"
EndProject
Project("{FAE04EC0-301F-11D3-BF4B-00C04F79EFBC}") = "UnityEditor.TestRunner", "UnityEditor.TestRunner.csproj", "{5E648D22-41E8-D4AB-694F-989CBBC5757F}"
EndProject
Project("{FAE04EC0-301F-11D3-BF4B-00C04F79EFBC}") = "UnityEditor.UI", "UnityEditor.UI.csproj", "{1996695D-63DD-A135-D4FE-158AA674E33F}"
EndProject
Project("{FAE04EC0-301F-11D3-BF4B-00C04F79EFBC}") = "Unity.Timeline.Editor", "Unity.Timeline.Editor.csproj", "{3613AE47-3372-F5D6-6158-D710C3789A64}"
EndProject
Project("{FAE04EC0-301F-11D3-BF4B-00C04F79EFBC}") = "Unity.VisualStudio.Editor", "Unity.VisualStudio.Editor.csproj", "{A0B4C357-DBBB-3B09-7890-A1A05130BF55}"
EndProject
Project("{FAE04EC0-301F-11D3-BF4B-00C04F79EFBC}") = "Unity.2D.Psdimporter.Editor", "Unity.2D.Psdimporter.Editor.csproj", "{80ADCA38-AA2A-B997-53F4-03F00B3D4949}"
EndProject
Project("{FAE04EC0-301F-11D3-BF4B-00C04F79EFBC}") = "Unity.2D.Animation.Editor", "Unity.2D.Animation.Editor.csproj", "{CEE53727-A1AD-29E6-3EC1-019F1C09CE52}"
EndProject
Project("{FAE04EC0-301F-11D3-BF4B-00C04F79EFBC}") = "Unity.TextMeshPro.Editor", "Unity.TextMeshPro.Editor.csproj", "{311FF6BD-7B42-F019-97CD-9A588ACB616A}"
EndProject
Project("{FAE04EC0-301F-11D3-BF4B-00C04F79EFBC}") = "Unity.2D.SpriteShape.Editor", "Unity.2D.SpriteShape.Editor.csproj", "{3E1232D9-1F68-F4A9-818E-41C4A92C1258}"
EndProject
Project("{FAE04EC0-301F-11D3-BF4B-00C04F79EFBC}") = "Unity.CollabProxy.Editor", "Unity.CollabProxy.Editor.csproj", "{66E68E63-AF32-109B-0B5F-6F448705CE0C}"
EndProject
Project("{FAE04EC0-301F-11D3-BF4B-00C04F79EFBC}") = "PsdPlugin", "PsdPlugin.csproj", "{E2A82758-14F0-3031-8798-DBD61663B42A}"
EndProject
Project("{FAE04EC0-301F-11D3-BF4B-00C04F79EFBC}") = "Unity.2D.Path.Editor", "Unity.2D.Path.Editor.csproj", "{D287E252-BE90-8067-2B70-61D361F7553E}"
EndProject
Project("{FAE04EC0-301F-11D3-BF4B-00C04F79EFBC}") = "Unity.Rider.Editor", "Unity.Rider.Editor.csproj", "{745131F1-F855-62D9-F4DF-65737064962E}"
EndProject
Project("{FAE04EC0-301F-11D3-BF4B-00C04F79EFBC}") = "Unity.2D.IK.Editor", "Unity.2D.IK.Editor.csproj", "{55B4F6AC-3EF9-5209-BF58-8BDB31CCACB1}"
EndProject
Project("{FAE04EC0-301F-11D3-BF4B-00C04F79EFBC}") = "Unity.2D.Sprite.Editor", "Unity.2D.Sprite.Editor.csproj", "{DEF04D5B-319E-F941-F624-4EDB2F9A6A84}"
EndProject
Project("{FAE04EC0-301F-11D3-BF4B-00C04F79EFBC}") = "Unity.2D.Tilemap.Editor", "Unity.2D.Tilemap.Editor.csproj", "{36B62470-BD03-A008-66CE-F05C1EDD86D6}"
EndProject
Project("{FAE04EC0-301F-11D3-BF4B-00C04F79EFBC}") = "Unity.2D.PixelPerfect.Editor", "Unity.2D.PixelPerfect.Editor.csproj", "{561E024F-9A8F-9F1F-B9A7-755ADF21C44A}"
EndProject
Project("{FAE04EC0-301F-11D3-BF4B-00C04F79EFBC}") = "Unity.VSCode.Editor", "Unity.VSCode.Editor.csproj", "{5B3E14B4-0384-D54E-1C43-42AEBB649B19}"
EndProject
Project("{FAE04EC0-301F-11D3-BF4B-00C04F79EFBC}") = "Unity.2D.Common.Editor", "Unity.2D.Common.Editor.csproj", "{9D153D0E-8021-6DCF-8353-A0A3F9BF284C}"
EndProject
Project("{FAE04EC0-301F-11D3-BF4B-00C04F79EFBC}") = "Unity.Mathematics.Editor", "Unity.Mathematics.Editor.csproj", "{37CC68A0-665A-9F78-BCAD-263D556D6F43}"
EndProject
Project("{FAE04EC0-301F-11D3-BF4B-00C04F79EFBC}") = "Unity.InternalAPIEditorBridge.001", "Unity.InternalAPIEditorBridge.001.csproj", "{C8BA4699-8C1B-4F6E-6B5D-B00F48C1DC93}"
EndProject
Project("{FAE04EC0-301F-11D3-BF4B-00C04F79EFBC}") = "UnityEngine.TestRunner", "UnityEngine.TestRunner.Player.csproj", "{AC013581-9227-3BC3-FF53-9FAF752E704A}"
EndProject
Project("{FAE04EC0-301F-11D3-BF4B-00C04F79EFBC}") = "Unity.Mathematics", "Unity.Mathematics.Player.csproj", "{0CCEC09F-02E3-C829-3577-9F97EB2F3210}"
EndProject
Project("{FAE04EC0-301F-11D3-BF4B-00C04F79EFBC}") = "Unity.2D.Animation.Triangle.Runtime", "Unity.2D.Animation.Triangle.Runtime.Player.csproj", "{29DAB0F7-D085-581C-B664-F0A9CD80CAF5}"
EndProject
Project("{FAE04EC0-301F-11D3-BF4B-00C04F79EFBC}") = "Unity.Timeline", "Unity.Timeline.Player.csproj", "{88D29EDC-0892-894C-2B4B-AD00AD714797}"
EndProject
Project("{FAE04EC0-301F-11D3-BF4B-00C04F79EFBC}") = "UnityEngine.UI", "UnityEngine.UI.Player.csproj", "{5CF79FE9-AC13-192E-035D-DF06D0F04281}"
EndProject
Project("{FAE04EC0-301F-11D3-BF4B-00C04F79EFBC}") = "Unity.TextMeshPro", "Unity.TextMeshPro.Player.csproj", "{E3B27444-428D-8A86-253B-90268F6AA2B6}"
EndProject
Project("{FAE04EC0-301F-11D3-BF4B-00C04F79EFBC}") = "Unity.2D.Animation.Runtime", "Unity.2D.Animation.Runtime.Player.csproj", "{10BB3DDD-51F7-B474-58B3-E74BE85CDA2B}"
EndProject
Project("{FAE04EC0-301F-11D3-BF4B-00C04F79EFBC}") = "Unity.2D.IK.Runtime", "Unity.2D.IK.Runtime.Player.csproj", "{A85C23A0-F4D9-221E-B01E-AD984A021462}"
EndProject
Project("{FAE04EC0-301F-11D3-BF4B-00C04F79EFBC}") = "Unity.2D.SpriteShape.Runtime", "Unity.2D.SpriteShape.Runtime.Player.csproj", "{055E9500-658E-3D5B-208B-7B5FD56B2727}"
EndProject
Project("{FAE04EC0-301F-11D3-BF4B-00C04F79EFBC}") = "Unity.2D.PixelPerfect", "Unity.2D.PixelPerfect.Player.csproj", "{E08D6498-42EF-8D20-00C0-EA6FE3C6197F}"
EndProject
Project("{FAE04EC0-301F-11D3-BF4B-00C04F79EFBC}") = "Assembly-CSharp", "Assembly-CSharp.Player.csproj", "{98A0060A-23A0-20E9-23F1-8E324D6DD44C}"
EndProject
Project("{FAE04EC0-301F-11D3-BF4B-00C04F79EFBC}") = "Unity.2D.Common.Runtime", "Unity.2D.Common.Runtime.Player.csproj", "{91EB3ECA-51B3-1CAA-8D21-A03BD46F9BE1}"
EndProject
Project("{FAE04EC0-301F-11D3-BF4B-00C04F79EFBC}") = "Unity.InternalAPIEngineBridge.001", "Unity.InternalAPIEngineBridge.001.Player.csproj", "{4F31BB54-2B37-261D-50C0-B05A09D2B5C2}"
EndProject
Global
	GlobalSection(SolutionConfigurationPlatforms) = preSolution
		Debug|Any CPU = Debug|Any CPU
		Release|Any CPU = Release|Any CPU
	EndGlobalSection
	GlobalSection(ProjectConfigurationPlatforms) = postSolution
		{B9BF899F-0176-7E01-D2A5-F83F965B4E2A}.Debug|Any CPU.ActiveCfg = Debug|Any CPU
		{B9BF899F-0176-7E01-D2A5-F83F965B4E2A}.Debug|Any CPU.Build.0 = Debug|Any CPU
		{B9BF899F-0176-7E01-D2A5-F83F965B4E2A}.Release|Any CPU.ActiveCfg = Release|Any CPU
		{B9BF899F-0176-7E01-D2A5-F83F965B4E2A}.Release|Any CPU.Build.0 = Release|Any CPU
		{07140DC8-B6CC-5847-5BA7-35CAA7C70AE9}.Debug|Any CPU.ActiveCfg = Debug|Any CPU
		{07140DC8-B6CC-5847-5BA7-35CAA7C70AE9}.Debug|Any CPU.Build.0 = Debug|Any CPU
		{07140DC8-B6CC-5847-5BA7-35CAA7C70AE9}.Release|Any CPU.ActiveCfg = Release|Any CPU
		{07140DC8-B6CC-5847-5BA7-35CAA7C70AE9}.Release|Any CPU.Build.0 = Release|Any CPU
		{D4D22F0F-2418-C86B-9A91-968722256F81}.Debug|Any CPU.ActiveCfg = Debug|Any CPU
		{D4D22F0F-2418-C86B-9A91-968722256F81}.Debug|Any CPU.Build.0 = Debug|Any CPU
		{D4D22F0F-2418-C86B-9A91-968722256F81}.Release|Any CPU.ActiveCfg = Release|Any CPU
		{D4D22F0F-2418-C86B-9A91-968722256F81}.Release|Any CPU.Build.0 = Release|Any CPU
		{D43DFBCB-BC72-E5F5-2BAE-84D62207CCF7}.Debug|Any CPU.ActiveCfg = Debug|Any CPU
		{D43DFBCB-BC72-E5F5-2BAE-84D62207CCF7}.Debug|Any CPU.Build.0 = Debug|Any CPU
		{D43DFBCB-BC72-E5F5-2BAE-84D62207CCF7}.Release|Any CPU.ActiveCfg = Release|Any CPU
		{D43DFBCB-BC72-E5F5-2BAE-84D62207CCF7}.Release|Any CPU.Build.0 = Release|Any CPU
		{5D9BEEB1-EFDF-21F6-A0BC-86A70FFCA4F5}.Debug|Any CPU.ActiveCfg = Debug|Any CPU
		{5D9BEEB1-EFDF-21F6-A0BC-86A70FFCA4F5}.Debug|Any CPU.Build.0 = Debug|Any CPU
		{5D9BEEB1-EFDF-21F6-A0BC-86A70FFCA4F5}.Release|Any CPU.ActiveCfg = Release|Any CPU
		{5D9BEEB1-EFDF-21F6-A0BC-86A70FFCA4F5}.Release|Any CPU.Build.0 = Release|Any CPU
		{C446800D-F927-F8D1-6DF6-7AB4E8905EE7}.Debug|Any CPU.ActiveCfg = Debug|Any CPU
		{C446800D-F927-F8D1-6DF6-7AB4E8905EE7}.Debug|Any CPU.Build.0 = Debug|Any CPU
		{C446800D-F927-F8D1-6DF6-7AB4E8905EE7}.Release|Any CPU.ActiveCfg = Release|Any CPU
		{C446800D-F927-F8D1-6DF6-7AB4E8905EE7}.Release|Any CPU.Build.0 = Release|Any CPU
		{23763DC3-9947-0AD8-1EC2-4F9268AE6FFB}.Debug|Any CPU.ActiveCfg = Debug|Any CPU
		{23763DC3-9947-0AD8-1EC2-4F9268AE6FFB}.Debug|Any CPU.Build.0 = Debug|Any CPU
		{23763DC3-9947-0AD8-1EC2-4F9268AE6FFB}.Release|Any CPU.ActiveCfg = Release|Any CPU
		{23763DC3-9947-0AD8-1EC2-4F9268AE6FFB}.Release|Any CPU.Build.0 = Release|Any CPU
		{2E66B170-5EA4-8808-26C1-1913AD114C83}.Debug|Any CPU.ActiveCfg = Debug|Any CPU
		{2E66B170-5EA4-8808-26C1-1913AD114C83}.Debug|Any CPU.Build.0 = Debug|Any CPU
		{2E66B170-5EA4-8808-26C1-1913AD114C83}.Release|Any CPU.ActiveCfg = Release|Any CPU
		{2E66B170-5EA4-8808-26C1-1913AD114C83}.Release|Any CPU.Build.0 = Release|Any CPU
		{3140465A-D858-2403-0F9D-D92909BAA242}.Debug|Any CPU.ActiveCfg = Debug|Any CPU
		{3140465A-D858-2403-0F9D-D92909BAA242}.Debug|Any CPU.Build.0 = Debug|Any CPU
		{3140465A-D858-2403-0F9D-D92909BAA242}.Release|Any CPU.ActiveCfg = Release|Any CPU
		{3140465A-D858-2403-0F9D-D92909BAA242}.Release|Any CPU.Build.0 = Release|Any CPU
		{F8C03EA8-ECB3-DD41-298F-428427082299}.Debug|Any CPU.ActiveCfg = Debug|Any CPU
		{F8C03EA8-ECB3-DD41-298F-428427082299}.Debug|Any CPU.Build.0 = Debug|Any CPU
		{F8C03EA8-ECB3-DD41-298F-428427082299}.Release|Any CPU.ActiveCfg = Release|Any CPU
		{F8C03EA8-ECB3-DD41-298F-428427082299}.Release|Any CPU.Build.0 = Release|Any CPU
		{A299380B-DFF4-C3E1-E4F7-BF6CD9A8C1DD}.Debug|Any CPU.ActiveCfg = Debug|Any CPU
		{A299380B-DFF4-C3E1-E4F7-BF6CD9A8C1DD}.Debug|Any CPU.Build.0 = Debug|Any CPU
		{A299380B-DFF4-C3E1-E4F7-BF6CD9A8C1DD}.Release|Any CPU.ActiveCfg = Release|Any CPU
		{A299380B-DFF4-C3E1-E4F7-BF6CD9A8C1DD}.Release|Any CPU.Build.0 = Release|Any CPU
		{3EBD1899-3E0D-D17A-A937-618188286BF6}.Debug|Any CPU.ActiveCfg = Debug|Any CPU
		{3EBD1899-3E0D-D17A-A937-618188286BF6}.Debug|Any CPU.Build.0 = Debug|Any CPU
		{3EBD1899-3E0D-D17A-A937-618188286BF6}.Release|Any CPU.ActiveCfg = Release|Any CPU
		{3EBD1899-3E0D-D17A-A937-618188286BF6}.Release|Any CPU.Build.0 = Release|Any CPU
		{F5FC50A9-B10B-8B40-A157-3030CA10AA60}.Debug|Any CPU.ActiveCfg = Debug|Any CPU
		{F5FC50A9-B10B-8B40-A157-3030CA10AA60}.Debug|Any CPU.Build.0 = Debug|Any CPU
		{F5FC50A9-B10B-8B40-A157-3030CA10AA60}.Release|Any CPU.ActiveCfg = Release|Any CPU
		{F5FC50A9-B10B-8B40-A157-3030CA10AA60}.Release|Any CPU.Build.0 = Release|Any CPU
		{5E648D22-41E8-D4AB-694F-989CBBC5757F}.Debug|Any CPU.ActiveCfg = Debug|Any CPU
		{5E648D22-41E8-D4AB-694F-989CBBC5757F}.Debug|Any CPU.Build.0 = Debug|Any CPU
		{5E648D22-41E8-D4AB-694F-989CBBC5757F}.Release|Any CPU.ActiveCfg = Release|Any CPU
		{5E648D22-41E8-D4AB-694F-989CBBC5757F}.Release|Any CPU.Build.0 = Release|Any CPU
		{1996695D-63DD-A135-D4FE-158AA674E33F}.Debug|Any CPU.ActiveCfg = Debug|Any CPU
		{1996695D-63DD-A135-D4FE-158AA674E33F}.Debug|Any CPU.Build.0 = Debug|Any CPU
		{1996695D-63DD-A135-D4FE-158AA674E33F}.Release|Any CPU.ActiveCfg = Release|Any CPU
		{1996695D-63DD-A135-D4FE-158AA674E33F}.Release|Any CPU.Build.0 = Release|Any CPU
		{3613AE47-3372-F5D6-6158-D710C3789A64}.Debug|Any CPU.ActiveCfg = Debug|Any CPU
		{3613AE47-3372-F5D6-6158-D710C3789A64}.Debug|Any CPU.Build.0 = Debug|Any CPU
		{3613AE47-3372-F5D6-6158-D710C3789A64}.Release|Any CPU.ActiveCfg = Release|Any CPU
		{3613AE47-3372-F5D6-6158-D710C3789A64}.Release|Any CPU.Build.0 = Release|Any CPU
		{A0B4C357-DBBB-3B09-7890-A1A05130BF55}.Debug|Any CPU.ActiveCfg = Debug|Any CPU
		{A0B4C357-DBBB-3B09-7890-A1A05130BF55}.Debug|Any CPU.Build.0 = Debug|Any CPU
		{A0B4C357-DBBB-3B09-7890-A1A05130BF55}.Release|Any CPU.ActiveCfg = Release|Any CPU
		{A0B4C357-DBBB-3B09-7890-A1A05130BF55}.Release|Any CPU.Build.0 = Release|Any CPU
		{80ADCA38-AA2A-B997-53F4-03F00B3D4949}.Debug|Any CPU.ActiveCfg = Debug|Any CPU
		{80ADCA38-AA2A-B997-53F4-03F00B3D4949}.Debug|Any CPU.Build.0 = Debug|Any CPU
		{80ADCA38-AA2A-B997-53F4-03F00B3D4949}.Release|Any CPU.ActiveCfg = Release|Any CPU
		{80ADCA38-AA2A-B997-53F4-03F00B3D4949}.Release|Any CPU.Build.0 = Release|Any CPU
		{CEE53727-A1AD-29E6-3EC1-019F1C09CE52}.Debug|Any CPU.ActiveCfg = Debug|Any CPU
		{CEE53727-A1AD-29E6-3EC1-019F1C09CE52}.Debug|Any CPU.Build.0 = Debug|Any CPU
		{CEE53727-A1AD-29E6-3EC1-019F1C09CE52}.Release|Any CPU.ActiveCfg = Release|Any CPU
		{CEE53727-A1AD-29E6-3EC1-019F1C09CE52}.Release|Any CPU.Build.0 = Release|Any CPU
		{311FF6BD-7B42-F019-97CD-9A588ACB616A}.Debug|Any CPU.ActiveCfg = Debug|Any CPU
		{311FF6BD-7B42-F019-97CD-9A588ACB616A}.Debug|Any CPU.Build.0 = Debug|Any CPU
		{311FF6BD-7B42-F019-97CD-9A588ACB616A}.Release|Any CPU.ActiveCfg = Release|Any CPU
		{311FF6BD-7B42-F019-97CD-9A588ACB616A}.Release|Any CPU.Build.0 = Release|Any CPU
		{3E1232D9-1F68-F4A9-818E-41C4A92C1258}.Debug|Any CPU.ActiveCfg = Debug|Any CPU
		{3E1232D9-1F68-F4A9-818E-41C4A92C1258}.Debug|Any CPU.Build.0 = Debug|Any CPU
		{3E1232D9-1F68-F4A9-818E-41C4A92C1258}.Release|Any CPU.ActiveCfg = Release|Any CPU
		{3E1232D9-1F68-F4A9-818E-41C4A92C1258}.Release|Any CPU.Build.0 = Release|Any CPU
		{66E68E63-AF32-109B-0B5F-6F448705CE0C}.Debug|Any CPU.ActiveCfg = Debug|Any CPU
		{66E68E63-AF32-109B-0B5F-6F448705CE0C}.Debug|Any CPU.Build.0 = Debug|Any CPU
		{66E68E63-AF32-109B-0B5F-6F448705CE0C}.Release|Any CPU.ActiveCfg = Release|Any CPU
		{66E68E63-AF32-109B-0B5F-6F448705CE0C}.Release|Any CPU.Build.0 = Release|Any CPU
		{E2A82758-14F0-3031-8798-DBD61663B42A}.Debug|Any CPU.ActiveCfg = Debug|Any CPU
		{E2A82758-14F0-3031-8798-DBD61663B42A}.Debug|Any CPU.Build.0 = Debug|Any CPU
		{E2A82758-14F0-3031-8798-DBD61663B42A}.Release|Any CPU.ActiveCfg = Release|Any CPU
		{E2A82758-14F0-3031-8798-DBD61663B42A}.Release|Any CPU.Build.0 = Release|Any CPU
		{D287E252-BE90-8067-2B70-61D361F7553E}.Debug|Any CPU.ActiveCfg = Debug|Any CPU
		{D287E252-BE90-8067-2B70-61D361F7553E}.Debug|Any CPU.Build.0 = Debug|Any CPU
		{D287E252-BE90-8067-2B70-61D361F7553E}.Release|Any CPU.ActiveCfg = Release|Any CPU
		{D287E252-BE90-8067-2B70-61D361F7553E}.Release|Any CPU.Build.0 = Release|Any CPU
		{745131F1-F855-62D9-F4DF-65737064962E}.Debug|Any CPU.ActiveCfg = Debug|Any CPU
		{745131F1-F855-62D9-F4DF-65737064962E}.Debug|Any CPU.Build.0 = Debug|Any CPU
		{745131F1-F855-62D9-F4DF-65737064962E}.Release|Any CPU.ActiveCfg = Release|Any CPU
		{745131F1-F855-62D9-F4DF-65737064962E}.Release|Any CPU.Build.0 = Release|Any CPU
		{55B4F6AC-3EF9-5209-BF58-8BDB31CCACB1}.Debug|Any CPU.ActiveCfg = Debug|Any CPU
		{55B4F6AC-3EF9-5209-BF58-8BDB31CCACB1}.Debug|Any CPU.Build.0 = Debug|Any CPU
		{55B4F6AC-3EF9-5209-BF58-8BDB31CCACB1}.Release|Any CPU.ActiveCfg = Release|Any CPU
		{55B4F6AC-3EF9-5209-BF58-8BDB31CCACB1}.Release|Any CPU.Build.0 = Release|Any CPU
		{DEF04D5B-319E-F941-F624-4EDB2F9A6A84}.Debug|Any CPU.ActiveCfg = Debug|Any CPU
		{DEF04D5B-319E-F941-F624-4EDB2F9A6A84}.Debug|Any CPU.Build.0 = Debug|Any CPU
		{DEF04D5B-319E-F941-F624-4EDB2F9A6A84}.Release|Any CPU.ActiveCfg = Release|Any CPU
		{DEF04D5B-319E-F941-F624-4EDB2F9A6A84}.Release|Any CPU.Build.0 = Release|Any CPU
		{36B62470-BD03-A008-66CE-F05C1EDD86D6}.Debug|Any CPU.ActiveCfg = Debug|Any CPU
		{36B62470-BD03-A008-66CE-F05C1EDD86D6}.Debug|Any CPU.Build.0 = Debug|Any CPU
		{36B62470-BD03-A008-66CE-F05C1EDD86D6}.Release|Any CPU.ActiveCfg = Release|Any CPU
		{36B62470-BD03-A008-66CE-F05C1EDD86D6}.Release|Any CPU.Build.0 = Release|Any CPU
		{561E024F-9A8F-9F1F-B9A7-755ADF21C44A}.Debug|Any CPU.ActiveCfg = Debug|Any CPU
		{561E024F-9A8F-9F1F-B9A7-755ADF21C44A}.Debug|Any CPU.Build.0 = Debug|Any CPU
		{561E024F-9A8F-9F1F-B9A7-755ADF21C44A}.Release|Any CPU.ActiveCfg = Release|Any CPU
		{561E024F-9A8F-9F1F-B9A7-755ADF21C44A}.Release|Any CPU.Build.0 = Release|Any CPU
		{5B3E14B4-0384-D54E-1C43-42AEBB649B19}.Debug|Any CPU.ActiveCfg = Debug|Any CPU
		{5B3E14B4-0384-D54E-1C43-42AEBB649B19}.Debug|Any CPU.Build.0 = Debug|Any CPU
		{5B3E14B4-0384-D54E-1C43-42AEBB649B19}.Release|Any CPU.ActiveCfg = Release|Any CPU
		{5B3E14B4-0384-D54E-1C43-42AEBB649B19}.Release|Any CPU.Build.0 = Release|Any CPU
		{9D153D0E-8021-6DCF-8353-A0A3F9BF284C}.Debug|Any CPU.ActiveCfg = Debug|Any CPU
		{9D153D0E-8021-6DCF-8353-A0A3F9BF284C}.Debug|Any CPU.Build.0 = Debug|Any CPU
		{9D153D0E-8021-6DCF-8353-A0A3F9BF284C}.Release|Any CPU.ActiveCfg = Release|Any CPU
		{9D153D0E-8021-6DCF-8353-A0A3F9BF284C}.Release|Any CPU.Build.0 = Release|Any CPU
		{37CC68A0-665A-9F78-BCAD-263D556D6F43}.Debug|Any CPU.ActiveCfg = Debug|Any CPU
		{37CC68A0-665A-9F78-BCAD-263D556D6F43}.Debug|Any CPU.Build.0 = Debug|Any CPU
		{37CC68A0-665A-9F78-BCAD-263D556D6F43}.Release|Any CPU.ActiveCfg = Release|Any CPU
		{37CC68A0-665A-9F78-BCAD-263D556D6F43}.Release|Any CPU.Build.0 = Release|Any CPU
		{C8BA4699-8C1B-4F6E-6B5D-B00F48C1DC93}.Debug|Any CPU.ActiveCfg = Debug|Any CPU
		{C8BA4699-8C1B-4F6E-6B5D-B00F48C1DC93}.Debug|Any CPU.Build.0 = Debug|Any CPU
		{C8BA4699-8C1B-4F6E-6B5D-B00F48C1DC93}.Release|Any CPU.ActiveCfg = Release|Any CPU
		{C8BA4699-8C1B-4F6E-6B5D-B00F48C1DC93}.Release|Any CPU.Build.0 = Release|Any CPU
		{AC013581-9227-3BC3-FF53-9FAF752E704A}.Debug|Any CPU.ActiveCfg = Debug|Any CPU
		{AC013581-9227-3BC3-FF53-9FAF752E704A}.Debug|Any CPU.Build.0 = Debug|Any CPU
		{AC013581-9227-3BC3-FF53-9FAF752E704A}.Release|Any CPU.ActiveCfg = Release|Any CPU
		{AC013581-9227-3BC3-FF53-9FAF752E704A}.Release|Any CPU.Build.0 = Release|Any CPU
		{0CCEC09F-02E3-C829-3577-9F97EB2F3210}.Debug|Any CPU.ActiveCfg = Debug|Any CPU
		{0CCEC09F-02E3-C829-3577-9F97EB2F3210}.Debug|Any CPU.Build.0 = Debug|Any CPU
		{0CCEC09F-02E3-C829-3577-9F97EB2F3210}.Release|Any CPU.ActiveCfg = Release|Any CPU
		{0CCEC09F-02E3-C829-3577-9F97EB2F3210}.Release|Any CPU.Build.0 = Release|Any CPU
		{29DAB0F7-D085-581C-B664-F0A9CD80CAF5}.Debug|Any CPU.ActiveCfg = Debug|Any CPU
		{29DAB0F7-D085-581C-B664-F0A9CD80CAF5}.Debug|Any CPU.Build.0 = Debug|Any CPU
		{29DAB0F7-D085-581C-B664-F0A9CD80CAF5}.Release|Any CPU.ActiveCfg = Release|Any CPU
		{29DAB0F7-D085-581C-B664-F0A9CD80CAF5}.Release|Any CPU.Build.0 = Release|Any CPU
		{88D29EDC-0892-894C-2B4B-AD00AD714797}.Debug|Any CPU.ActiveCfg = Debug|Any CPU
		{88D29EDC-0892-894C-2B4B-AD00AD714797}.Debug|Any CPU.Build.0 = Debug|Any CPU
		{88D29EDC-0892-894C-2B4B-AD00AD714797}.Release|Any CPU.ActiveCfg = Release|Any CPU
		{88D29EDC-0892-894C-2B4B-AD00AD714797}.Release|Any CPU.Build.0 = Release|Any CPU
		{5CF79FE9-AC13-192E-035D-DF06D0F04281}.Debug|Any CPU.ActiveCfg = Debug|Any CPU
		{5CF79FE9-AC13-192E-035D-DF06D0F04281}.Debug|Any CPU.Build.0 = Debug|Any CPU
		{5CF79FE9-AC13-192E-035D-DF06D0F04281}.Release|Any CPU.ActiveCfg = Release|Any CPU
		{5CF79FE9-AC13-192E-035D-DF06D0F04281}.Release|Any CPU.Build.0 = Release|Any CPU
		{E3B27444-428D-8A86-253B-90268F6AA2B6}.Debug|Any CPU.ActiveCfg = Debug|Any CPU
		{E3B27444-428D-8A86-253B-90268F6AA2B6}.Debug|Any CPU.Build.0 = Debug|Any CPU
		{E3B27444-428D-8A86-253B-90268F6AA2B6}.Release|Any CPU.ActiveCfg = Release|Any CPU
		{E3B27444-428D-8A86-253B-90268F6AA2B6}.Release|Any CPU.Build.0 = Release|Any CPU
		{10BB3DDD-51F7-B474-58B3-E74BE85CDA2B}.Debug|Any CPU.ActiveCfg = Debug|Any CPU
		{10BB3DDD-51F7-B474-58B3-E74BE85CDA2B}.Debug|Any CPU.Build.0 = Debug|Any CPU
		{10BB3DDD-51F7-B474-58B3-E74BE85CDA2B}.Release|Any CPU.ActiveCfg = Release|Any CPU
		{10BB3DDD-51F7-B474-58B3-E74BE85CDA2B}.Release|Any CPU.Build.0 = Release|Any CPU
		{A85C23A0-F4D9-221E-B01E-AD984A021462}.Debug|Any CPU.ActiveCfg = Debug|Any CPU
		{A85C23A0-F4D9-221E-B01E-AD984A021462}.Debug|Any CPU.Build.0 = Debug|Any CPU
		{A85C23A0-F4D9-221E-B01E-AD984A021462}.Release|Any CPU.ActiveCfg = Release|Any CPU
		{A85C23A0-F4D9-221E-B01E-AD984A021462}.Release|Any CPU.Build.0 = Release|Any CPU
		{055E9500-658E-3D5B-208B-7B5FD56B2727}.Debug|Any CPU.ActiveCfg = Debug|Any CPU
		{055E9500-658E-3D5B-208B-7B5FD56B2727}.Debug|Any CPU.Build.0 = Debug|Any CPU
		{055E9500-658E-3D5B-208B-7B5FD56B2727}.Release|Any CPU.ActiveCfg = Release|Any CPU
		{055E9500-658E-3D5B-208B-7B5FD56B2727}.Release|Any CPU.Build.0 = Release|Any CPU
		{E08D6498-42EF-8D20-00C0-EA6FE3C6197F}.Debug|Any CPU.ActiveCfg = Debug|Any CPU
		{E08D6498-42EF-8D20-00C0-EA6FE3C6197F}.Debug|Any CPU.Build.0 = Debug|Any CPU
		{E08D6498-42EF-8D20-00C0-EA6FE3C6197F}.Release|Any CPU.ActiveCfg = Release|Any CPU
		{E08D6498-42EF-8D20-00C0-EA6FE3C6197F}.Release|Any CPU.Build.0 = Release|Any CPU
		{98A0060A-23A0-20E9-23F1-8E324D6DD44C}.Debug|Any CPU.ActiveCfg = Debug|Any CPU
		{98A0060A-23A0-20E9-23F1-8E324D6DD44C}.Debug|Any CPU.Build.0 = Debug|Any CPU
		{98A0060A-23A0-20E9-23F1-8E324D6DD44C}.Release|Any CPU.ActiveCfg = Release|Any CPU
		{98A0060A-23A0-20E9-23F1-8E324D6DD44C}.Release|Any CPU.Build.0 = Release|Any CPU
		{91EB3ECA-51B3-1CAA-8D21-A03BD46F9BE1}.Debug|Any CPU.ActiveCfg = Debug|Any CPU
		{91EB3ECA-51B3-1CAA-8D21-A03BD46F9BE1}.Debug|Any CPU.Build.0 = Debug|Any CPU
		{91EB3ECA-51B3-1CAA-8D21-A03BD46F9BE1}.Release|Any CPU.ActiveCfg = Release|Any CPU
		{91EB3ECA-51B3-1CAA-8D21-A03BD46F9BE1}.Release|Any CPU.Build.0 = Release|Any CPU
		{4F31BB54-2B37-261D-50C0-B05A09D2B5C2}.Debug|Any CPU.ActiveCfg = Debug|Any CPU
		{4F31BB54-2B37-261D-50C0-B05A09D2B5C2}.Debug|Any CPU.Build.0 = Debug|Any CPU
		{4F31BB54-2B37-261D-50C0-B05A09D2B5C2}.Release|Any CPU.ActiveCfg = Release|Any CPU
		{4F31BB54-2B37-261D-50C0-B05A09D2B5C2}.Release|Any CPU.Build.0 = Release|Any CPU
	EndGlobalSection
	GlobalSection(SolutionProperties) = preSolution
		HideSolutionNode = FALSE
	EndGlobalSection
EndGlobal
